
Microsoft Visual Studio Solution File, Format Version 12.00
# Visual Studio 15
VisualStudioVersion = 15.0.27130.2026
MinimumVisualStudioVersion = 10.0.40219.1
Project("{2150E333-8FDC-42A3-9474-1A3956D46DE8}") = "Core", "Core", "{01AE83C4-6F19-4625-B9E9-E2342270A2B6}"
EndProject
Project("{9A19103F-16F7-4668-BE54-9A1E7A4F7556}") = "HhVacancyViewer.Core.Pg", "Core\HhVacancyViewer.Core.Pg\HhVacancyViewer.Core.Pg.csproj", "{7AFA207E-D295-4E27-868F-12257B436B0F}"
EndProject
Project("{9A19103F-16F7-4668-BE54-9A1E7A4F7556}") = "HhVacancyViewer.Core.HhApi.Requests", "Core\HhVacancyViewer.Core.HhApi.Requests\HhVacancyViewer.Core.HhApi.Requests.csproj", "{1CD13500-E30F-4699-AFD7-325827BBD5A0}"
EndProject
Project("{9A19103F-16F7-4668-BE54-9A1E7A4F7556}") = "HhVacancyViewer.Core.ApiInterop", "Core\HhVacancyViewer.Core.ApiInterop\HhVacancyViewer.Core.ApiInterop.csproj", "{75CED570-472F-4ABE-ABA5-0579BAEAC7E1}"
EndProject
Project("{9A19103F-16F7-4668-BE54-9A1E7A4F7556}") = "HhVacancyViewer.TestConsole", "HhVacancyViewer.TestConsole\HhVacancyViewer.TestConsole.csproj", "{840AB038-E121-49E6-A395-EFE8CC9DB6D7}"
EndProject
Project("{9A19103F-16F7-4668-BE54-9A1E7A4F7556}") = "HhVacancyViewer.WebApi", "HhVacancyViewer.WebApi\HhVacancyViewer.WebApi.csproj", "{32972B8F-26D7-4F28-B645-FEBB6845F973}"
EndProject
Project("{9A19103F-16F7-4668-BE54-9A1E7A4F7556}") = "HhVacancyViewer.Core.HhApi.Models", "Core\HhVacancyViewer.Core.HhApi.Models\HhVacancyViewer.Core.HhApi.Models.csproj", "{DCC9FE61-C4AA-48E4-975B-EA4BD1C9E15C}"
EndProject
Project("{FAE04EC0-301F-11D3-BF4B-00C04F79EFBC}") = "HhVacancyViewer.Core.HhApi.Dictionaries", "Core\HhVacancyViewer.Core.HhApi.Dictionaries\HhVacancyViewer.Core.HhApi.Dictionaries.csproj", "{7DF8F831-014C-4DBE-84BE-4E12FD0093E7}"
EndProject
Global
	GlobalSection(SolutionConfigurationPlatforms) = preSolution
		Debug|Any CPU = Debug|Any CPU
		Release|Any CPU = Release|Any CPU
	EndGlobalSection
	GlobalSection(ProjectConfigurationPlatforms) = postSolution
		{7AFA207E-D295-4E27-868F-12257B436B0F}.Debug|Any CPU.ActiveCfg = Debug|Any CPU
		{7AFA207E-D295-4E27-868F-12257B436B0F}.Debug|Any CPU.Build.0 = Debug|Any CPU
		{7AFA207E-D295-4E27-868F-12257B436B0F}.Release|Any CPU.ActiveCfg = Release|Any CPU
		{7AFA207E-D295-4E27-868F-12257B436B0F}.Release|Any CPU.Build.0 = Release|Any CPU
		{1CD13500-E30F-4699-AFD7-325827BBD5A0}.Debug|Any CPU.ActiveCfg = Debug|Any CPU
		{1CD13500-E30F-4699-AFD7-325827BBD5A0}.Debug|Any CPU.Build.0 = Debug|Any CPU
		{1CD13500-E30F-4699-AFD7-325827BBD5A0}.Release|Any CPU.ActiveCfg = Release|Any CPU
		{1CD13500-E30F-4699-AFD7-325827BBD5A0}.Release|Any CPU.Build.0 = Release|Any CPU
		{75CED570-472F-4ABE-ABA5-0579BAEAC7E1}.Debug|Any CPU.ActiveCfg = Debug|Any CPU
		{75CED570-472F-4ABE-ABA5-0579BAEAC7E1}.Debug|Any CPU.Build.0 = Debug|Any CPU
		{75CED570-472F-4ABE-ABA5-0579BAEAC7E1}.Release|Any CPU.ActiveCfg = Release|Any CPU
		{75CED570-472F-4ABE-ABA5-0579BAEAC7E1}.Release|Any CPU.Build.0 = Release|Any CPU
		{840AB038-E121-49E6-A395-EFE8CC9DB6D7}.Debug|Any CPU.ActiveCfg = Debug|Any CPU
		{840AB038-E121-49E6-A395-EFE8CC9DB6D7}.Debug|Any CPU.Build.0 = Debug|Any CPU
		{840AB038-E121-49E6-A395-EFE8CC9DB6D7}.Release|Any CPU.ActiveCfg = Release|Any CPU
		{840AB038-E121-49E6-A395-EFE8CC9DB6D7}.Release|Any CPU.Build.0 = Release|Any CPU
		{32972B8F-26D7-4F28-B645-FEBB6845F973}.Debug|Any CPU.ActiveCfg = Debug|Any CPU
		{32972B8F-26D7-4F28-B645-FEBB6845F973}.Debug|Any CPU.Build.0 = Debug|Any CPU
		{32972B8F-26D7-4F28-B645-FEBB6845F973}.Release|Any CPU.ActiveCfg = Release|Any CPU
		{32972B8F-26D7-4F28-B645-FEBB6845F973}.Release|Any CPU.Build.0 = Release|Any CPU
		{DCC9FE61-C4AA-48E4-975B-EA4BD1C9E15C}.Debug|Any CPU.ActiveCfg = Debug|Any CPU
		{DCC9FE61-C4AA-48E4-975B-EA4BD1C9E15C}.Debug|Any CPU.Build.0 = Debug|Any CPU
		{DCC9FE61-C4AA-48E4-975B-EA4BD1C9E15C}.Release|Any CPU.ActiveCfg = Release|Any CPU
		{DCC9FE61-C4AA-48E4-975B-EA4BD1C9E15C}.Release|Any CPU.Build.0 = Release|Any CPU
		{7DF8F831-014C-4DBE-84BE-4E12FD0093E7}.Debug|Any CPU.ActiveCfg = Debug|Any CPU
		{7DF8F831-014C-4DBE-84BE-4E12FD0093E7}.Debug|Any CPU.Build.0 = Debug|Any CPU
		{7DF8F831-014C-4DBE-84BE-4E12FD0093E7}.Release|Any CPU.ActiveCfg = Release|Any CPU
		{7DF8F831-014C-4DBE-84BE-4E12FD0093E7}.Release|Any CPU.Build.0 = Release|Any CPU
	EndGlobalSection
	GlobalSection(SolutionProperties) = preSolution
		HideSolutionNode = FALSE
	EndGlobalSection
	GlobalSection(NestedProjects) = preSolution
		{7AFA207E-D295-4E27-868F-12257B436B0F} = {01AE83C4-6F19-4625-B9E9-E2342270A2B6}
		{1CD13500-E30F-4699-AFD7-325827BBD5A0} = {01AE83C4-6F19-4625-B9E9-E2342270A2B6}
		{75CED570-472F-4ABE-ABA5-0579BAEAC7E1} = {01AE83C4-6F19-4625-B9E9-E2342270A2B6}
		{DCC9FE61-C4AA-48E4-975B-EA4BD1C9E15C} = {01AE83C4-6F19-4625-B9E9-E2342270A2B6}
		{7DF8F831-014C-4DBE-84BE-4E12FD0093E7} = {01AE83C4-6F19-4625-B9E9-E2342270A2B6}
	EndGlobalSection
	GlobalSection(ExtensibilityGlobals) = postSolution
		SolutionGuid = {9B2D36EB-14D6-481B-93CA-6E8E31343F63}
	EndGlobalSection
EndGlobal
